
Microsoft Visual Studio Solution File, Format Version 12.00
# Visual Studio Version 17
VisualStudioVersion = 17.8.34330.188
MinimumVisualStudioVersion = 10.0.40219.1
Project("{9A19103F-16F7-4668-BE54-9A1E7A4F7556}") = "cms.web1", "cms.web1\cms.web1.csproj", "{F015A43F-9DC8-4087-AD4D-3DF0638347BE}"
EndProject
Project("{FAE04EC0-301F-11D3-BF4B-00C04F79EFBC}") = "cms.test", "cms.test\cms.test.csproj", "{6DED436A-0226-417B-9297-D2EFD65146CC}"
EndProject
Global
	GlobalSection(SolutionConfigurationPlatforms) = preSolution
		Debug|Any CPU = Debug|Any CPU
		Release|Any CPU = Release|Any CPU
	EndGlobalSection
	GlobalSection(ProjectConfigurationPlatforms) = postSolution
		{F015A43F-9DC8-4087-AD4D-3DF0638347BE}.Debug|Any CPU.ActiveCfg = Debug|Any CPU
		{F015A43F-9DC8-4087-AD4D-3DF0638347BE}.Debug|Any CPU.Build.0 = Debug|Any CPU
		{F015A43F-9DC8-4087-AD4D-3DF0638347BE}.Release|Any CPU.ActiveCfg = Release|Any CPU
		{F015A43F-9DC8-4087-AD4D-3DF0638347BE}.Release|Any CPU.Build.0 = Release|Any CPU
		{6DED436A-0226-417B-9297-D2EFD65146CC}.Debug|Any CPU.ActiveCfg = Debug|Any CPU
		{6DED436A-0226-417B-9297-D2EFD65146CC}.Debug|Any CPU.Build.0 = Debug|Any CPU
		{6DED436A-0226-417B-9297-D2EFD65146CC}.Release|Any CPU.ActiveCfg = Release|Any CPU
		{6DED436A-0226-417B-9297-D2EFD65146CC}.Release|Any CPU.Build.0 = Release|Any CPU
	EndGlobalSection
	GlobalSection(SolutionProperties) = preSolution
		HideSolutionNode = FALSE
	EndGlobalSection
	GlobalSection(ExtensibilityGlobals) = postSolution
		SolutionGuid = {FB276B54-147A-494C-9BA5-B829535D933E}
	EndGlobalSection
EndGlobal
